
Microsoft Visual Studio Solution File, Format Version 12.00
# Visual Studio Version 17
VisualStudioVersion = 17.5.33424.131
MinimumVisualStudioVersion = 10.0.40219.1
Project("{FAE04EC0-301F-11D3-BF4B-00C04F79EFBC}") = "Exercicio1", "Exercicio1\Exercicio1.csproj", "{EC244E2C-C26B-4FCF-812B-8C3EF4AD642C}"
EndProject
Project("{FAE04EC0-301F-11D3-BF4B-00C04F79EFBC}") = "exercicio2", "exercicio2\exercicio2.csproj", "{4F1955B3-16ED-4DDD-866A-77E30462FD57}"
EndProject
Project("{FAE04EC0-301F-11D3-BF4B-00C04F79EFBC}") = "Exercicio3", "Exercicio3\Exercicio3.csproj", "{8D67414F-AB45-4008-AD85-47DFA6985BFF}"
EndProject
Project("{FAE04EC0-301F-11D3-BF4B-00C04F79EFBC}") = "Exercicio4", "Exercicio4\Exercicio4.csproj", "{C64B5892-D272-4063-873D-7CE7610480CE}"
EndProject
Project("{FAE04EC0-301F-11D3-BF4B-00C04F79EFBC}") = "Exercicio5", "Exercicio5\Exercicio5.csproj", "{57534EEF-977A-440B-8B72-BBDBA152D4DB}"
EndProject
Project("{FAE04EC0-301F-11D3-BF4B-00C04F79EFBC}") = "Exercicio6", "Exercicio6\Exercicio6.csproj", "{681E709F-C134-46BA-9C22-C6B51C3AA35C}"
EndProject
Project("{FAE04EC0-301F-11D3-BF4B-00C04F79EFBC}") = "Exercicio7", "Exercicio7\Exercicio7.csproj", "{0AA8C771-1197-4C50-B6DC-F967E113EBAA}"
EndProject
Project("{FAE04EC0-301F-11D3-BF4B-00C04F79EFBC}") = "Exercicio8", "Exercicio8\Exercicio8.csproj", "{6667FEEE-8A32-4B5F-9139-CF9C951B0305}"
EndProject
Project("{FAE04EC0-301F-11D3-BF4B-00C04F79EFBC}") = "Exercicio9", "Exercicio9\Exercicio9.csproj", "{0461D060-32F9-4EE6-914F-848CF253A51E}"
EndProject
Project("{FAE04EC0-301F-11D3-BF4B-00C04F79EFBC}") = "Exercicio10", "Exercicio10\Exercicio10.csproj", "{F2979FDE-D5B0-4E2D-8ACC-1A847B755492}"
EndProject
Project("{FAE04EC0-301F-11D3-BF4B-00C04F79EFBC}") = "Exercicio11", "Exercicio11\Exercicio11.csproj", "{7BC07DF0-1ECA-4161-B8DA-4166F2C8DABD}"
EndProject
Project("{FAE04EC0-301F-11D3-BF4B-00C04F79EFBC}") = "Exercicio12", "Exercicio12\Exercicio12.csproj", "{E9E645C3-7FDF-4D76-A5AD-584E4209579D}"
EndProject
Project("{FAE04EC0-301F-11D3-BF4B-00C04F79EFBC}") = "Exercicio13", "Exercicio13\Exercicio13.csproj", "{55FDD7A9-6783-4BBD-B033-51AAACE5E96A}"
EndProject
Project("{FAE04EC0-301F-11D3-BF4B-00C04F79EFBC}") = "Exercicio14", "Exercicio14\Exercicio14.csproj", "{7D9F0F54-93D8-4C89-8BDA-55AFB1B697CC}"
EndProject
Project("{FAE04EC0-301F-11D3-BF4B-00C04F79EFBC}") = "Exercicio15", "Exercicio15\Exercicio15.csproj", "{8E77FCFF-B4C1-4BFC-B02B-7FBA176CE9B5}"
EndProject
Project("{FAE04EC0-301F-11D3-BF4B-00C04F79EFBC}") = "Exercicio16", "Exercicio16\Exercicio16.csproj", "{9E520C56-8475-4B7D-BB31-AAC272FD1A03}"
EndProject
Project("{FAE04EC0-301F-11D3-BF4B-00C04F79EFBC}") = "Exercicio17", "Exercicio17\Exercicio17.csproj", "{A2777E4C-644C-466C-9C02-20CC77CBA066}"
EndProject
Project("{FAE04EC0-301F-11D3-BF4B-00C04F79EFBC}") = "Exercicio18", "Exercicio18\Exercicio18.csproj", "{D047793F-FCB5-45D9-AEF5-E18B20436423}"
EndProject
Project("{FAE04EC0-301F-11D3-BF4B-00C04F79EFBC}") = "Exercicio19", "Exercicio19\Exercicio19.csproj", "{3353FD54-0F8C-4BF2-A0B2-38B218CB61B0}"
EndProject
Project("{FAE04EC0-301F-11D3-BF4B-00C04F79EFBC}") = "Exercicio20", "Exercicio20\Exercicio20.csproj", "{39071B27-1DDE-4F6D-A436-3D7F91EA47C4}"
EndProject
Project("{FAE04EC0-301F-11D3-BF4B-00C04F79EFBC}") = "Exercicio21.22", "Exercicio21.22\Exercicio21.22.csproj", "{C51231BC-7F9D-4E71-9945-680511765DB0}"
EndProject
Project("{FAE04EC0-301F-11D3-BF4B-00C04F79EFBC}") = "Exercicio23", "Exercicio23\Exercicio23.csproj", "{46E29C56-E090-415E-B5F7-2382B6116564}"
EndProject
Project("{FAE04EC0-301F-11D3-BF4B-00C04F79EFBC}") = "Exercicio24", "Exercicio24\Exercicio24.csproj", "{BFC53B1A-0001-4272-9B29-6406D0C9493C}"
EndProject
Project("{FAE04EC0-301F-11D3-BF4B-00C04F79EFBC}") = "Exercicio25", "Exercicio25\Exercicio25.csproj", "{820E116B-C804-4AB8-A334-921EC9AA558C}"
EndProject
Project("{FAE04EC0-301F-11D3-BF4B-00C04F79EFBC}") = "Exercicio26", "Exercicio26\Exercicio26.csproj", "{D2611710-8970-412A-BBA0-CC4546F734E8}"
EndProject
Project("{FAE04EC0-301F-11D3-BF4B-00C04F79EFBC}") = "Exercicio27", "Exercicio27\Exercicio27.csproj", "{20AD5B84-0467-4638-9BC9-02DCEA82AE8D}"
EndProject
Project("{FAE04EC0-301F-11D3-BF4B-00C04F79EFBC}") = "Exercicio28", "Exercicio28\Exercicio28.csproj", "{95215615-FD8E-4C56-AB3D-2B4B4393BFC6}"
EndProject
Project("{FAE04EC0-301F-11D3-BF4B-00C04F79EFBC}") = "Exercicio29", "Exercicio29\Exercicio29.csproj", "{B14EE03F-8A04-4019-A9EC-A7F99C424C5E}"
EndProject
Global
	GlobalSection(SolutionConfigurationPlatforms) = preSolution
		Debug|Any CPU = Debug|Any CPU
		Release|Any CPU = Release|Any CPU
	EndGlobalSection
	GlobalSection(ProjectConfigurationPlatforms) = postSolution
		{EC244E2C-C26B-4FCF-812B-8C3EF4AD642C}.Debug|Any CPU.ActiveCfg = Debug|Any CPU
		{EC244E2C-C26B-4FCF-812B-8C3EF4AD642C}.Debug|Any CPU.Build.0 = Debug|Any CPU
		{EC244E2C-C26B-4FCF-812B-8C3EF4AD642C}.Release|Any CPU.ActiveCfg = Release|Any CPU
		{EC244E2C-C26B-4FCF-812B-8C3EF4AD642C}.Release|Any CPU.Build.0 = Release|Any CPU
		{4F1955B3-16ED-4DDD-866A-77E30462FD57}.Debug|Any CPU.ActiveCfg = Debug|Any CPU
		{4F1955B3-16ED-4DDD-866A-77E30462FD57}.Debug|Any CPU.Build.0 = Debug|Any CPU
		{4F1955B3-16ED-4DDD-866A-77E30462FD57}.Release|Any CPU.ActiveCfg = Release|Any CPU
		{4F1955B3-16ED-4DDD-866A-77E30462FD57}.Release|Any CPU.Build.0 = Release|Any CPU
		{8D67414F-AB45-4008-AD85-47DFA6985BFF}.Debug|Any CPU.ActiveCfg = Debug|Any CPU
		{8D67414F-AB45-4008-AD85-47DFA6985BFF}.Debug|Any CPU.Build.0 = Debug|Any CPU
		{8D67414F-AB45-4008-AD85-47DFA6985BFF}.Release|Any CPU.ActiveCfg = Release|Any CPU
		{8D67414F-AB45-4008-AD85-47DFA6985BFF}.Release|Any CPU.Build.0 = Release|Any CPU
		{C64B5892-D272-4063-873D-7CE7610480CE}.Debug|Any CPU.ActiveCfg = Debug|Any CPU
		{C64B5892-D272-4063-873D-7CE7610480CE}.Debug|Any CPU.Build.0 = Debug|Any CPU
		{C64B5892-D272-4063-873D-7CE7610480CE}.Release|Any CPU.ActiveCfg = Release|Any CPU
		{C64B5892-D272-4063-873D-7CE7610480CE}.Release|Any CPU.Build.0 = Release|Any CPU
		{57534EEF-977A-440B-8B72-BBDBA152D4DB}.Debug|Any CPU.ActiveCfg = Debug|Any CPU
		{57534EEF-977A-440B-8B72-BBDBA152D4DB}.Debug|Any CPU.Build.0 = Debug|Any CPU
		{57534EEF-977A-440B-8B72-BBDBA152D4DB}.Release|Any CPU.ActiveCfg = Release|Any CPU
		{57534EEF-977A-440B-8B72-BBDBA152D4DB}.Release|Any CPU.Build.0 = Release|Any CPU
		{681E709F-C134-46BA-9C22-C6B51C3AA35C}.Debug|Any CPU.ActiveCfg = Debug|Any CPU
		{681E709F-C134-46BA-9C22-C6B51C3AA35C}.Debug|Any CPU.Build.0 = Debug|Any CPU
		{681E709F-C134-46BA-9C22-C6B51C3AA35C}.Release|Any CPU.ActiveCfg = Release|Any CPU
		{681E709F-C134-46BA-9C22-C6B51C3AA35C}.Release|Any CPU.Build.0 = Release|Any CPU
		{0AA8C771-1197-4C50-B6DC-F967E113EBAA}.Debug|Any CPU.ActiveCfg = Debug|Any CPU
		{0AA8C771-1197-4C50-B6DC-F967E113EBAA}.Debug|Any CPU.Build.0 = Debug|Any CPU
		{0AA8C771-1197-4C50-B6DC-F967E113EBAA}.Release|Any CPU.ActiveCfg = Release|Any CPU
		{0AA8C771-1197-4C50-B6DC-F967E113EBAA}.Release|Any CPU.Build.0 = Release|Any CPU
		{6667FEEE-8A32-4B5F-9139-CF9C951B0305}.Debug|Any CPU.ActiveCfg = Debug|Any CPU
		{6667FEEE-8A32-4B5F-9139-CF9C951B0305}.Debug|Any CPU.Build.0 = Debug|Any CPU
		{6667FEEE-8A32-4B5F-9139-CF9C951B0305}.Release|Any CPU.ActiveCfg = Release|Any CPU
		{6667FEEE-8A32-4B5F-9139-CF9C951B0305}.Release|Any CPU.Build.0 = Release|Any CPU
		{0461D060-32F9-4EE6-914F-848CF253A51E}.Debug|Any CPU.ActiveCfg = Debug|Any CPU
		{0461D060-32F9-4EE6-914F-848CF253A51E}.Debug|Any CPU.Build.0 = Debug|Any CPU
		{0461D060-32F9-4EE6-914F-848CF253A51E}.Release|Any CPU.ActiveCfg = Release|Any CPU
		{0461D060-32F9-4EE6-914F-848CF253A51E}.Release|Any CPU.Build.0 = Release|Any CPU
		{F2979FDE-D5B0-4E2D-8ACC-1A847B755492}.Debug|Any CPU.ActiveCfg = Debug|Any CPU
		{F2979FDE-D5B0-4E2D-8ACC-1A847B755492}.Debug|Any CPU.Build.0 = Debug|Any CPU
		{F2979FDE-D5B0-4E2D-8ACC-1A847B755492}.Release|Any CPU.ActiveCfg = Release|Any CPU
		{F2979FDE-D5B0-4E2D-8ACC-1A847B755492}.Release|Any CPU.Build.0 = Release|Any CPU
		{7BC07DF0-1ECA-4161-B8DA-4166F2C8DABD}.Debug|Any CPU.ActiveCfg = Debug|Any CPU
		{7BC07DF0-1ECA-4161-B8DA-4166F2C8DABD}.Debug|Any CPU.Build.0 = Debug|Any CPU
		{7BC07DF0-1ECA-4161-B8DA-4166F2C8DABD}.Release|Any CPU.ActiveCfg = Release|Any CPU
		{7BC07DF0-1ECA-4161-B8DA-4166F2C8DABD}.Release|Any CPU.Build.0 = Release|Any CPU
		{E9E645C3-7FDF-4D76-A5AD-584E4209579D}.Debug|Any CPU.ActiveCfg = Debug|Any CPU
		{E9E645C3-7FDF-4D76-A5AD-584E4209579D}.Debug|Any CPU.Build.0 = Debug|Any CPU
		{E9E645C3-7FDF-4D76-A5AD-584E4209579D}.Release|Any CPU.ActiveCfg = Release|Any CPU
		{E9E645C3-7FDF-4D76-A5AD-584E4209579D}.Release|Any CPU.Build.0 = Release|Any CPU
		{55FDD7A9-6783-4BBD-B033-51AAACE5E96A}.Debug|Any CPU.ActiveCfg = Debug|Any CPU
		{55FDD7A9-6783-4BBD-B033-51AAACE5E96A}.Debug|Any CPU.Build.0 = Debug|Any CPU
		{55FDD7A9-6783-4BBD-B033-51AAACE5E96A}.Release|Any CPU.ActiveCfg = Release|Any CPU
		{55FDD7A9-6783-4BBD-B033-51AAACE5E96A}.Release|Any CPU.Build.0 = Release|Any CPU
		{7D9F0F54-93D8-4C89-8BDA-55AFB1B697CC}.Debug|Any CPU.ActiveCfg = Debug|Any CPU
		{7D9F0F54-93D8-4C89-8BDA-55AFB1B697CC}.Debug|Any CPU.Build.0 = Debug|Any CPU
		{7D9F0F54-93D8-4C89-8BDA-55AFB1B697CC}.Release|Any CPU.ActiveCfg = Release|Any CPU
		{7D9F0F54-93D8-4C89-8BDA-55AFB1B697CC}.Release|Any CPU.Build.0 = Release|Any CPU
		{8E77FCFF-B4C1-4BFC-B02B-7FBA176CE9B5}.Debug|Any CPU.ActiveCfg = Debug|Any CPU
		{8E77FCFF-B4C1-4BFC-B02B-7FBA176CE9B5}.Debug|Any CPU.Build.0 = Debug|Any CPU
		{8E77FCFF-B4C1-4BFC-B02B-7FBA176CE9B5}.Release|Any CPU.ActiveCfg = Release|Any CPU
		{8E77FCFF-B4C1-4BFC-B02B-7FBA176CE9B5}.Release|Any CPU.Build.0 = Release|Any CPU
		{9E520C56-8475-4B7D-BB31-AAC272FD1A03}.Debug|Any CPU.ActiveCfg = Debug|Any CPU
		{9E520C56-8475-4B7D-BB31-AAC272FD1A03}.Debug|Any CPU.Build.0 = Debug|Any CPU
		{9E520C56-8475-4B7D-BB31-AAC272FD1A03}.Release|Any CPU.ActiveCfg = Release|Any CPU
		{9E520C56-8475-4B7D-BB31-AAC272FD1A03}.Release|Any CPU.Build.0 = Release|Any CPU
		{A2777E4C-644C-466C-9C02-20CC77CBA066}.Debug|Any CPU.ActiveCfg = Debug|Any CPU
		{A2777E4C-644C-466C-9C02-20CC77CBA066}.Debug|Any CPU.Build.0 = Debug|Any CPU
		{A2777E4C-644C-466C-9C02-20CC77CBA066}.Release|Any CPU.ActiveCfg = Release|Any CPU
		{A2777E4C-644C-466C-9C02-20CC77CBA066}.Release|Any CPU.Build.0 = Release|Any CPU
		{D047793F-FCB5-45D9-AEF5-E18B20436423}.Debug|Any CPU.ActiveCfg = Debug|Any CPU
		{D047793F-FCB5-45D9-AEF5-E18B20436423}.Debug|Any CPU.Build.0 = Debug|Any CPU
		{D047793F-FCB5-45D9-AEF5-E18B20436423}.Release|Any CPU.ActiveCfg = Release|Any CPU
		{D047793F-FCB5-45D9-AEF5-E18B20436423}.Release|Any CPU.Build.0 = Release|Any CPU
		{3353FD54-0F8C-4BF2-A0B2-38B218CB61B0}.Debug|Any CPU.ActiveCfg = Debug|Any CPU
		{3353FD54-0F8C-4BF2-A0B2-38B218CB61B0}.Debug|Any CPU.Build.0 = Debug|Any CPU
		{3353FD54-0F8C-4BF2-A0B2-38B218CB61B0}.Release|Any CPU.ActiveCfg = Release|Any CPU
		{3353FD54-0F8C-4BF2-A0B2-38B218CB61B0}.Release|Any CPU.Build.0 = Release|Any CPU
		{39071B27-1DDE-4F6D-A436-3D7F91EA47C4}.Debug|Any CPU.ActiveCfg = Debug|Any CPU
		{39071B27-1DDE-4F6D-A436-3D7F91EA47C4}.Debug|Any CPU.Build.0 = Debug|Any CPU
		{39071B27-1DDE-4F6D-A436-3D7F91EA47C4}.Release|Any CPU.ActiveCfg = Release|Any CPU
		{39071B27-1DDE-4F6D-A436-3D7F91EA47C4}.Release|Any CPU.Build.0 = Release|Any CPU
		{C51231BC-7F9D-4E71-9945-680511765DB0}.Debug|Any CPU.ActiveCfg = Debug|Any CPU
		{C51231BC-7F9D-4E71-9945-680511765DB0}.Debug|Any CPU.Build.0 = Debug|Any CPU
		{C51231BC-7F9D-4E71-9945-680511765DB0}.Release|Any CPU.ActiveCfg = Release|Any CPU
		{C51231BC-7F9D-4E71-9945-680511765DB0}.Release|Any CPU.Build.0 = Release|Any CPU
		{46E29C56-E090-415E-B5F7-2382B6116564}.Debug|Any CPU.ActiveCfg = Debug|Any CPU
		{46E29C56-E090-415E-B5F7-2382B6116564}.Debug|Any CPU.Build.0 = Debug|Any CPU
		{46E29C56-E090-415E-B5F7-2382B6116564}.Release|Any CPU.ActiveCfg = Release|Any CPU
		{46E29C56-E090-415E-B5F7-2382B6116564}.Release|Any CPU.Build.0 = Release|Any CPU
		{BFC53B1A-0001-4272-9B29-6406D0C9493C}.Debug|Any CPU.ActiveCfg = Debug|Any CPU
		{BFC53B1A-0001-4272-9B29-6406D0C9493C}.Debug|Any CPU.Build.0 = Debug|Any CPU
		{BFC53B1A-0001-4272-9B29-6406D0C9493C}.Release|Any CPU.ActiveCfg = Release|Any CPU
		{BFC53B1A-0001-4272-9B29-6406D0C9493C}.Release|Any CPU.Build.0 = Release|Any CPU
		{820E116B-C804-4AB8-A334-921EC9AA558C}.Debug|Any CPU.ActiveCfg = Debug|Any CPU
		{820E116B-C804-4AB8-A334-921EC9AA558C}.Debug|Any CPU.Build.0 = Debug|Any CPU
		{820E116B-C804-4AB8-A334-921EC9AA558C}.Release|Any CPU.ActiveCfg = Release|Any CPU
		{820E116B-C804-4AB8-A334-921EC9AA558C}.Release|Any CPU.Build.0 = Release|Any CPU
		{D2611710-8970-412A-BBA0-CC4546F734E8}.Debug|Any CPU.ActiveCfg = Debug|Any CPU
		{D2611710-8970-412A-BBA0-CC4546F734E8}.Debug|Any CPU.Build.0 = Debug|Any CPU
		{D2611710-8970-412A-BBA0-CC4546F734E8}.Release|Any CPU.ActiveCfg = Release|Any CPU
		{D2611710-8970-412A-BBA0-CC4546F734E8}.Release|Any CPU.Build.0 = Release|Any CPU
		{20AD5B84-0467-4638-9BC9-02DCEA82AE8D}.Debug|Any CPU.ActiveCfg = Debug|Any CPU
		{20AD5B84-0467-4638-9BC9-02DCEA82AE8D}.Debug|Any CPU.Build.0 = Debug|Any CPU
		{20AD5B84-0467-4638-9BC9-02DCEA82AE8D}.Release|Any CPU.ActiveCfg = Release|Any CPU
		{20AD5B84-0467-4638-9BC9-02DCEA82AE8D}.Release|Any CPU.Build.0 = Release|Any CPU
		{95215615-FD8E-4C56-AB3D-2B4B4393BFC6}.Debug|Any CPU.ActiveCfg = Debug|Any CPU
		{95215615-FD8E-4C56-AB3D-2B4B4393BFC6}.Debug|Any CPU.Build.0 = Debug|Any CPU
		{95215615-FD8E-4C56-AB3D-2B4B4393BFC6}.Release|Any CPU.ActiveCfg = Release|Any CPU
		{95215615-FD8E-4C56-AB3D-2B4B4393BFC6}.Release|Any CPU.Build.0 = Release|Any CPU
		{B14EE03F-8A04-4019-A9EC-A7F99C424C5E}.Debug|Any CPU.ActiveCfg = Debug|Any CPU
		{B14EE03F-8A04-4019-A9EC-A7F99C424C5E}.Debug|Any CPU.Build.0 = Debug|Any CPU
		{B14EE03F-8A04-4019-A9EC-A7F99C424C5E}.Release|Any CPU.ActiveCfg = Release|Any CPU
		{B14EE03F-8A04-4019-A9EC-A7F99C424C5E}.Release|Any CPU.Build.0 = Release|Any CPU
	EndGlobalSection
	GlobalSection(SolutionProperties) = preSolution
		HideSolutionNode = FALSE
	EndGlobalSection
	GlobalSection(ExtensibilityGlobals) = postSolution
		SolutionGuid = {0952B3CA-49AF-4144-BC5E-A0138315518A}
	EndGlobalSection
EndGlobal
